
Microsoft Visual Studio Solution File, Format Version 12.00
# Visual Studio Version 17
VisualStudioVersion = 17.14.36811.4 d17.14
MinimumVisualStudioVersion = 10.0.40219.1
Project("{FAE04EC0-301F-11D3-BF4B-00C04F79EFBC}") = "TB5", "TB5\TB5.csproj", "{7ED9E4AC-5E64-4432-AFFE-EA5F5A918E13}"
EndProject
Global
	GlobalSection(SolutionConfigurationPlatforms) = preSolution
		Debug|Any CPU = Debug|Any CPU
		Release|Any CPU = Release|Any CPU
	EndGlobalSection
	GlobalSection(ProjectConfigurationPlatforms) = postSolution
		{7ED9E4AC-5E64-4432-AFFE-EA5F5A918E13}.Debug|Any CPU.ActiveCfg = Debug|Any CPU
		{7ED9E4AC-5E64-4432-AFFE-EA5F5A918E13}.Debug|Any CPU.Build.0 = Debug|Any CPU
		{7ED9E4AC-5E64-4432-AFFE-EA5F5A918E13}.Release|Any CPU.ActiveCfg = Release|Any CPU
		{7ED9E4AC-5E64-4432-AFFE-EA5F5A918E13}.Release|Any CPU.Build.0 = Release|Any CPU
	EndGlobalSection
	GlobalSection(SolutionProperties) = preSolution
		HideSolutionNode = FALSE
	EndGlobalSection
	GlobalSection(ExtensibilityGlobals) = postSolution
		SolutionGuid = {B5006567-691A-4CA5-B0D2-DDC42C430266}
	EndGlobalSection
EndGlobal
